lockfileVersion: '9.0'

settings:
  autoInstallPeers: true
  excludeLinksFromLockfile: false

importers:

  .:
    dependencies:
      '@modelcontextprotocol/server':
        specifier: ^2.0.0
        version: 2.0.0
      zod:
        specifier: ^4.0.0
        version: 4.6.5
    devDependencies:
      '@modelcontextprotocol/client':
        specifier: 2.0.0
        version: 2.0.0

packages:

  '@modelcontextprotocol/client@2.0.0':
    resolution: {integrity: sha512-8f1OghQ2rjzIOfqgUCP+8GiUWqRs89njoWLNqAe8kWmDePv3s1fZXseej+QXemssEuuOvLLmLO/kqM3IQHtISw==}
    engines: {node: '>=20'}

  '@modelcontextprotocol/core@2.0.0':
    resolution: {integrity: sha512-pJCEwGG7Lfr/+PQp9ZTwKXNeO5wzbfKL7H3MYpCorM4oFBoQrdjnBgEoqG+RjhsvS1FKrDbKux+M1HhlnGWqcA==}
    engines: {node: '>=20'}

  '@modelcontextprotocol/server@2.0.0':
    resolution: {integrity: sha512-YhHWdHfpFMQfd0prsEnxKeS3Qz3ytIGmsS0sth4KDjnacIT7hxk6hXHkJ9KysxlkvTM+WZAtQbbcUhdoP4Hvtw==}
    engines: {node: '>=20'}

  cross-spawn@7.0.6:
    resolution: {integrity: sha512-uV2QOWP2nWzsy2aMp8aRibhi9dlzF5Hgh5SHaB9OiTGEyDTiJJyx0uy51QXdyWbtAHNua4XJzUKca3OzKUd3vA==}
    engines: {node: '>= 8'}

  eventsource-parser@3.1.1:
    resolution: {integrity: sha512-EKN1vKAMcZ8MlYMpaNuxN6R9yakzH6uajHcHVTqWJzvu5pWw9DyhbP35HH8MVBQ+dZjAfDxk+A8NiR9KWaXiyQ==}
    engines: {node: '>=18.0.0'}

  eventsource@3.0.7:
    resolution: {integrity: sha512-CRT1WTyuQoD771GW56XEZFQ/ZoSfWid1alKGDYMmkt2yl8UXrVR4pspqWNEcqKvVIzg6PAltWjxcSSPrboA4iA==}
    engines: {node: '>=18.0.0'}

  isexe@2.0.0:
    resolution: {integrity: sha512-RHxMLp9lnKHGHRng9QFhRCMbYAcVpn69smSGcq3f36xjgVVWThj4qqLbTLlq7Ssj8B+fIQ1EuCEGI2lKsyQeIw==}

  jose@6.2.12:
    resolution: {integrity: sha512-9NiFmJEex0sy2Dk58j2UGBSHgUs2ypF9eZSu4L6vjOX3Dp96Sw1F3uL+H+D1sx02jZZdzUT0HgvCy59CuvXcWw==}

  path-key@3.1.1:
    resolution: {integrity: sha512-ojmeN0qd+y0jszEtoY48r0Peq5dwMEkIlCOu6Q5f41lfkswXuKtYrhgoTpLnyIcHm24Uhqx+5Tqm2InSwLhE6Q==}
    engines: {node: '>=8'}

  pkce-challenge@5.0.1:
    resolution: {integrity: sha512-wQ0b/W4Fr01qtpHlqSqspcj3EhBvimsdh0KlHhH8HRZnMsEa0ea2fTULOXOS9ccQr3om+GcGRk4e+isrZWV8qQ==}
    engines: {node: '>=16.20.0'}

  shebang-command@2.0.0:
    resolution: {integrity: sha512-kHxr2zZpYtdmrN1qDjrrX/Z1rR1kG8Dx+gkpK1G4eXmvXswmcE1hTWBWYUzlraYw1/yZp6YuDY77YtvbN0dmDA==}
    engines: {node: '>=8'}

  shebang-regex@3.0.0:
    resolution: {integrity: sha512-7++dFhtcx3353uBaq8DDR4NuxBetBzC7ZQOhmTQInHEd6bSrXdiEyzCvG07Z44UYdLShWUyXt5M/yhz8ekcb1A==}
    engines: {node: '>=8'}

  which@2.0.2:
    resolution: {integrity: sha512-BLI3Tl1TW3Pvl70l3yq3Y64i+awpwXqsGBYWkkqMtnbXgrMD+yj7rhW0kuEDxzJaYXGjEW5ogapKNMEKNMjibA==}
    engines: {node: '>= 8'}
    hasBin: true

  zod@4.6.5:
    resolution: {integrity: sha512-v5l/aFXZQeai4awLbOpSoHecE9UiMrnfx75tEXLjNonXVARxQ5mOeipTjROUchszUNCqnE+hqAMujRsRHsut2Q==}

snapshots:

  '@modelcontextprotocol/client@2.0.0':
    dependencies:
      '@modelcontextprotocol/core': 2.0.0
      cross-spawn: 7.0.6
      eventsource: 3.0.7
      eventsource-parser: 3.1.1
      jose: 6.2.12
      pkce-challenge: 5.0.1
      zod: 4.6.5

  '@modelcontextprotocol/core@2.0.0':
    dependencies:
      zod: 4.6.5

  '@modelcontextprotocol/server@2.0.0':
    dependencies:
      '@modelcontextprotocol/core': 2.0.0
      zod: 4.6.5

  cross-spawn@7.0.6:
    dependencies:
      path-key: 3.1.1
      shebang-command: 2.0.0
      which: 2.0.2

  eventsource-parser@3.1.1: {}

  eventsource@3.0.7:
    dependencies:
      eventsource-parser: 3.1.1

  isexe@2.0.0: {}

  jose@6.2.12: {}

  path-key@3.1.1: {}

  pkce-challenge@5.0.1: {}

  shebang-command@2.0.0:
    dependencies:
      shebang-regex: 3.0.0

  shebang-regex@3.0.0: {}

  which@2.0.2:
    dependencies:
      isexe: 2.0.0

  zod@4.6.5: {}
